
Microsoft Visual Studio Solution File, Format Version 12.00
# Visual Studio Version 16
VisualStudioVersion = 16.0.29424.173
MinimumVisualStudioVersion = 10.0.40219.1
Project("{9A19103F-16F7-4668-BE54-9A1E7A4F7556}") = "LitterBugApp", "LitterBugApp\LitterBugApp\LitterBugApp.csproj", "{CBA8A0DC-21F2-45B9-BB4D-C25D9B90BD7C}"
EndProject
Project("{FAE04EC0-301F-11D3-BF4B-00C04F79EFBC}") = "LitterBugApp.Android", "LitterBugApp\LitterBugApp.Android\LitterBugApp.Android.csproj", "{F44B98D3-7E5A-400C-AEBB-2770A92955A8}"
EndProject
Project("{FAE04EC0-301F-11D3-BF4B-00C04F79EFBC}") = "LitterBugApp.iOS", "LitterBugApp\LitterBugApp.iOS\LitterBugApp.iOS.csproj", "{09E8614A-61F9-463D-8DCD-8321CF81963F}"
EndProject
Project("{FAE04EC0-301F-11D3-BF4B-00C04F79EFBC}") = "LitterBugApp.UWP", "LitterBugApp\LitterBugApp.UWP\LitterBugApp.UWP.csproj", "{DC2F066C-0727-40E6-BDB0-F3552D0BB378}"
EndProject
Project("{FAE04EC0-301F-11D3-BF4B-00C04F79EFBC}") = "LitterBug.Api", "LitterBug.Api\LitterBug.Api.csproj", "{FC242AA8-ACC7-4289-80C6-B4DEC6EA5678}"
EndProject
Global
	GlobalSection(SolutionConfigurationPlatforms) = preSolution
		Ad-Hoc|Any CPU = Ad-Hoc|Any CPU
		Ad-Hoc|ARM = Ad-Hoc|ARM
		Ad-Hoc|iPhone = Ad-Hoc|iPhone
		Ad-Hoc|iPhoneSimulator = Ad-Hoc|iPhoneSimulator
		Ad-Hoc|x64 = Ad-Hoc|x64
		Ad-Hoc|x86 = Ad-Hoc|x86
		API-Release|Any CPU = API-Release|Any CPU
		API-Release|ARM = API-Release|ARM
		API-Release|iPhone = API-Release|iPhone
		API-Release|iPhoneSimulator = API-Release|iPhoneSimulator
		API-Release|x64 = API-Release|x64
		API-Release|x86 = API-Release|x86
		AppStore|Any CPU = AppStore|Any CPU
		AppStore|ARM = AppStore|ARM
		AppStore|iPhone = AppStore|iPhone
		AppStore|iPhoneSimulator = AppStore|iPhoneSimulator
		AppStore|x64 = AppStore|x64
		AppStore|x86 = AppStore|x86
		Debug|Any CPU = Debug|Any CPU
		Debug|ARM = Debug|ARM
		Debug|iPhone = Debug|iPhone
		Debug|iPhoneSimulator = Debug|iPhoneSimulator
		Debug|x64 = Debug|x64
		Debug|x86 = Debug|x86
		Release|Any CPU = Release|Any CPU
		Release|ARM = Release|ARM
		Release|iPhone = Release|iPhone
		Release|iPhoneSimulator = Release|iPhoneSimulator
		Release|x64 = Release|x64
		Release|x86 = Release|x86
	EndGlobalSection
	GlobalSection(ProjectConfigurationPlatforms) = postSolution
		{CBA8A0DC-21F2-45B9-BB4D-C25D9B90BD7C}.Ad-Hoc|Any CPU.ActiveCfg = Debug|Any CPU
		{CBA8A0DC-21F2-45B9-BB4D-C25D9B90BD7C}.Ad-Hoc|Any CPU.Build.0 = Debug|Any CPU
		{CBA8A0DC-21F2-45B9-BB4D-C25D9B90BD7C}.Ad-Hoc|ARM.ActiveCfg = Debug|Any CPU
		{CBA8A0DC-21F2-45B9-BB4D-C25D9B90BD7C}.Ad-Hoc|ARM.Build.0 = Debug|Any CPU
		{CBA8A0DC-21F2-45B9-BB4D-C25D9B90BD7C}.Ad-Hoc|iPhone.ActiveCfg = Debug|Any CPU
		{CBA8A0DC-21F2-45B9-BB4D-C25D9B90BD7C}.Ad-Hoc|iPhone.Build.0 = Debug|Any CPU
		{CBA8A0DC-21F2-45B9-BB4D-C25D9B90BD7C}.Ad-Hoc|iPhoneSimulator.ActiveCfg = Debug|Any CPU
		{CBA8A0DC-21F2-45B9-BB4D-C25D9B90BD7C}.Ad-Hoc|iPhoneSimulator.Build.0 = Debug|Any CPU
		{CBA8A0DC-21F2-45B9-BB4D-C25D9B90BD7C}.Ad-Hoc|x64.ActiveCfg = Debug|Any CPU
		{CBA8A0DC-21F2-45B9-BB4D-C25D9B90BD7C}.Ad-Hoc|x64.Build.0 = Debug|Any CPU
		{CBA8A0DC-21F2-45B9-BB4D-C25D9B90BD7C}.Ad-Hoc|x86.ActiveCfg = Debug|Any CPU
		{CBA8A0DC-21F2-45B9-BB4D-C25D9B90BD7C}.Ad-Hoc|x86.Build.0 = Debug|Any CPU
		{CBA8A0DC-21F2-45B9-BB4D-C25D9B90BD7C}.API-Release|Any CPU.ActiveCfg = API-Release|Any CPU
		{CBA8A0DC-21F2-45B9-BB4D-C25D9B90BD7C}.API-Release|ARM.ActiveCfg = API-Release|Any CPU
		{CBA8A0DC-21F2-45B9-BB4D-C25D9B90BD7C}.API-Release|ARM.Build.0 = API-Release|Any CPU
		{CBA8A0DC-21F2-45B9-BB4D-C25D9B90BD7C}.API-Release|iPhone.ActiveCfg = API-Release|Any CPU
		{CBA8A0DC-21F2-45B9-BB4D-C25D9B90BD7C}.API-Release|iPhone.Build.0 = API-Release|Any CPU
		{CBA8A0DC-21F2-45B9-BB4D-C25D9B90BD7C}.API-Release|iPhoneSimulator.ActiveCfg = API-Release|Any CPU
		{CBA8A0DC-21F2-45B9-BB4D-C25D9B90BD7C}.API-Release|iPhoneSimulator.Build.0 = API-Release|Any CPU
		{CBA8A0DC-21F2-45B9-BB4D-C25D9B90BD7C}.API-Release|x64.ActiveCfg = API-Release|Any CPU
		{CBA8A0DC-21F2-45B9-BB4D-C25D9B90BD7C}.API-Release|x64.Build.0 = API-Release|Any CPU
		{CBA8A0DC-21F2-45B9-BB4D-C25D9B90BD7C}.API-Release|x86.ActiveCfg = API-Release|Any CPU
		{CBA8A0DC-21F2-45B9-BB4D-C25D9B90BD7C}.API-Release|x86.Build.0 = API-Release|Any CPU
		{CBA8A0DC-21F2-45B9-BB4D-C25D9B90BD7C}.AppStore|Any CPU.ActiveCfg = Debug|Any CPU
		{CBA8A0DC-21F2-45B9-BB4D-C25D9B90BD7C}.AppStore|Any CPU.Build.0 = Debug|Any CPU
		{CBA8A0DC-21F2-45B9-BB4D-C25D9B90BD7C}.AppStore|ARM.ActiveCfg = Debug|Any CPU
		{CBA8A0DC-21F2-45B9-BB4D-C25D9B90BD7C}.AppStore|ARM.Build.0 = Debug|Any CPU
		{CBA8A0DC-21F2-45B9-BB4D-C25D9B90BD7C}.AppStore|iPhone.ActiveCfg = Debug|Any CPU
		{CBA8A0DC-21F2-45B9-BB4D-C25D9B90BD7C}.AppStore|iPhone.Build.0 = Debug|Any CPU
		{CBA8A0DC-21F2-45B9-BB4D-C25D9B90BD7C}.AppStore|iPhoneSimulator.ActiveCfg = Debug|Any CPU
		{CBA8A0DC-21F2-45B9-BB4D-C25D9B90BD7C}.AppStore|iPhoneSimulator.Build.0 = Debug|Any CPU
		{CBA8A0DC-21F2-45B9-BB4D-C25D9B90BD7C}.AppStore|x64.ActiveCfg = Debug|Any CPU
		{CBA8A0DC-21F2-45B9-BB4D-C25D9B90BD7C}.AppStore|x64.Build.0 = Debug|Any CPU
		{CBA8A0DC-21F2-45B9-BB4D-C25D9B90BD7C}.AppStore|x86.ActiveCfg = Debug|Any CPU
		{CBA8A0DC-21F2-45B9-BB4D-C25D9B90BD7C}.AppStore|x86.Build.0 = Debug|Any CPU
		{CBA8A0DC-21F2-45B9-BB4D-C25D9B90BD7C}.Debug|Any CPU.ActiveCfg = Debug|Any CPU
		{CBA8A0DC-21F2-45B9-BB4D-C25D9B90BD7C}.Debug|Any CPU.Build.0 = Debug|Any CPU
		{CBA8A0DC-21F2-45B9-BB4D-C25D9B90BD7C}.Debug|ARM.ActiveCfg = Debug|Any CPU
		{CBA8A0DC-21F2-45B9-BB4D-C25D9B90BD7C}.Debug|ARM.Build.0 = Debug|Any CPU
		{CBA8A0DC-21F2-45B9-BB4D-C25D9B90BD7C}.Debug|iPhone.ActiveCfg = Debug|Any CPU
		{CBA8A0DC-21F2-45B9-BB4D-C25D9B90BD7C}.Debug|iPhone.Build.0 = Debug|Any CPU
		{CBA8A0DC-21F2-45B9-BB4D-C25D9B90BD7C}.Debug|iPhoneSimulator.ActiveCfg = Debug|Any CPU
		{CBA8A0DC-21F2-45B9-BB4D-C25D9B90BD7C}.Debug|iPhoneSimulator.Build.0 = Debug|Any CPU
		{CBA8A0DC-21F2-45B9-BB4D-C25D9B90BD7C}.Debug|x64.ActiveCfg = Debug|Any CPU
		{CBA8A0DC-21F2-45B9-BB4D-C25D9B90BD7C}.Debug|x64.Build.0 = Debug|Any CPU
		{CBA8A0DC-21F2-45B9-BB4D-C25D9B90BD7C}.Debug|x86.ActiveCfg = Debug|Any CPU
		{CBA8A0DC-21F2-45B9-BB4D-C25D9B90BD7C}.Debug|x86.Build.0 = Debug|Any CPU
		{CBA8A0DC-21F2-45B9-BB4D-C25D9B90BD7C}.Release|Any CPU.ActiveCfg = Release|Any CPU
		{CBA8A0DC-21F2-45B9-BB4D-C25D9B90BD7C}.Release|Any CPU.Build.0 = Release|Any CPU
		{CBA8A0DC-21F2-45B9-BB4D-C25D9B90BD7C}.Release|ARM.ActiveCfg = Release|Any CPU
		{CBA8A0DC-21F2-45B9-BB4D-C25D9B90BD7C}.Release|ARM.Build.0 = Release|Any CPU
		{CBA8A0DC-21F2-45B9-BB4D-C25D9B90BD7C}.Release|iPhone.ActiveCfg = Release|Any CPU
		{CBA8A0DC-21F2-45B9-BB4D-C25D9B90BD7C}.Release|iPhone.Build.0 = Release|Any CPU
		{CBA8A0DC-21F2-45B9-BB4D-C25D9B90BD7C}.Release|iPhoneSimulator.ActiveCfg = Release|Any CPU
		{CBA8A0DC-21F2-45B9-BB4D-C25D9B90BD7C}.Release|iPhoneSimulator.Build.0 = Release|Any CPU
		{CBA8A0DC-21F2-45B9-BB4D-C25D9B90BD7C}.Release|x64.ActiveCfg = Release|Any CPU
		{CBA8A0DC-21F2-45B9-BB4D-C25D9B90BD7C}.Release|x64.Build.0 = Release|Any CPU
		{CBA8A0DC-21F2-45B9-BB4D-C25D9B90BD7C}.Release|x86.ActiveCfg = Release|Any CPU
		{CBA8A0DC-21F2-45B9-BB4D-C25D9B90BD7C}.Release|x86.Build.0 = Release|Any CPU
		{F44B98D3-7E5A-400C-AEBB-2770A92955A8}.Ad-Hoc|Any CPU.ActiveCfg = Release|Any CPU
		{F44B98D3-7E5A-400C-AEBB-2770A92955A8}.Ad-Hoc|Any CPU.Build.0 = Release|Any CPU
		{F44B98D3-7E5A-400C-AEBB-2770A92955A8}.Ad-Hoc|Any CPU.Deploy.0 = Release|Any CPU
		{F44B98D3-7E5A-400C-AEBB-2770A92955A8}.Ad-Hoc|ARM.ActiveCfg = Release|Any CPU
		{F44B98D3-7E5A-400C-AEBB-2770A92955A8}.Ad-Hoc|ARM.Build.0 = Release|Any CPU
		{F44B98D3-7E5A-400C-AEBB-2770A92955A8}.Ad-Hoc|ARM.Deploy.0 = Release|Any CPU
		{F44B98D3-7E5A-400C-AEBB-2770A92955A8}.Ad-Hoc|iPhone.ActiveCfg = Release|Any CPU
		{F44B98D3-7E5A-400C-AEBB-2770A92955A8}.Ad-Hoc|iPhone.Build.0 = Release|Any CPU
		{F44B98D3-7E5A-400C-AEBB-2770A92955A8}.Ad-Hoc|iPhone.Deploy.0 = Release|Any CPU
		{F44B98D3-7E5A-400C-AEBB-2770A92955A8}.Ad-Hoc|iPhoneSimulator.ActiveCfg = Release|Any CPU
		{F44B98D3-7E5A-400C-AEBB-2770A92955A8}.Ad-Hoc|iPhoneSimulator.Build.0 = Release|Any CPU
		{F44B98D3-7E5A-400C-AEBB-2770A92955A8}.Ad-Hoc|iPhoneSimulator.Deploy.0 = Release|Any CPU
		{F44B98D3-7E5A-400C-AEBB-2770A92955A8}.Ad-Hoc|x64.ActiveCfg = Release|Any CPU
		{F44B98D3-7E5A-400C-AEBB-2770A92955A8}.Ad-Hoc|x64.Build.0 = Release|Any CPU
		{F44B98D3-7E5A-400C-AEBB-2770A92955A8}.Ad-Hoc|x64.Deploy.0 = Release|Any CPU
		{F44B98D3-7E5A-400C-AEBB-2770A92955A8}.Ad-Hoc|x86.ActiveCfg = Release|Any CPU
		{F44B98D3-7E5A-400C-AEBB-2770A92955A8}.Ad-Hoc|x86.Build.0 = Release|Any CPU
		{F44B98D3-7E5A-400C-AEBB-2770A92955A8}.Ad-Hoc|x86.Deploy.0 = Release|Any CPU
		{F44B98D3-7E5A-400C-AEBB-2770A92955A8}.API-Release|Any CPU.ActiveCfg = API-Release|Any CPU
		{F44B98D3-7E5A-400C-AEBB-2770A92955A8}.API-Release|ARM.ActiveCfg = API-Release|Any CPU
		{F44B98D3-7E5A-400C-AEBB-2770A92955A8}.API-Release|ARM.Build.0 = API-Release|Any CPU
		{F44B98D3-7E5A-400C-AEBB-2770A92955A8}.API-Release|ARM.Deploy.0 = API-Release|Any CPU
		{F44B98D3-7E5A-400C-AEBB-2770A92955A8}.API-Release|iPhone.ActiveCfg = API-Release|Any CPU
		{F44B98D3-7E5A-400C-AEBB-2770A92955A8}.API-Release|iPhone.Build.0 = API-Release|Any CPU
		{F44B98D3-7E5A-400C-AEBB-2770A92955A8}.API-Release|iPhone.Deploy.0 = API-Release|Any CPU
		{F44B98D3-7E5A-400C-AEBB-2770A92955A8}.API-Release|iPhoneSimulator.ActiveCfg = API-Release|Any CPU
		{F44B98D3-7E5A-400C-AEBB-2770A92955A8}.API-Release|iPhoneSimulator.Build.0 = API-Release|Any CPU
		{F44B98D3-7E5A-400C-AEBB-2770A92955A8}.API-Release|iPhoneSimulator.Deploy.0 = API-Release|Any CPU
		{F44B98D3-7E5A-400C-AEBB-2770A92955A8}.API-Release|x64.ActiveCfg = API-Release|Any CPU
		{F44B98D3-7E5A-400C-AEBB-2770A92955A8}.API-Release|x64.Build.0 = API-Release|Any CPU
		{F44B98D3-7E5A-400C-AEBB-2770A92955A8}.API-Release|x64.Deploy.0 = API-Release|Any CPU
		{F44B98D3-7E5A-400C-AEBB-2770A92955A8}.API-Release|x86.ActiveCfg = API-Release|Any CPU
		{F44B98D3-7E5A-400C-AEBB-2770A92955A8}.API-Release|x86.Build.0 = API-Release|Any CPU
		{F44B98D3-7E5A-400C-AEBB-2770A92955A8}.API-Release|x86.Deploy.0 = API-Release|Any CPU
		{F44B98D3-7E5A-400C-AEBB-2770A92955A8}.AppStore|Any CPU.ActiveCfg = Release|Any CPU
		{F44B98D3-7E5A-400C-AEBB-2770A92955A8}.AppStore|Any CPU.Build.0 = Release|Any CPU
		{F44B98D3-7E5A-400C-AEBB-2770A92955A8}.AppStore|Any CPU.Deploy.0 = Release|Any CPU
		{F44B98D3-7E5A-400C-AEBB-2770A92955A8}.AppStore|ARM.ActiveCfg = Release|Any CPU
		{F44B98D3-7E5A-400C-AEBB-2770A92955A8}.AppStore|ARM.Build.0 = Release|Any CPU
		{F44B98D3-7E5A-400C-AEBB-2770A92955A8}.AppStore|ARM.Deploy.0 = Release|Any CPU
		{F44B98D3-7E5A-400C-AEBB-2770A92955A8}.AppStore|iPhone.ActiveCfg = Release|Any CPU
		{F44B98D3-7E5A-400C-AEBB-2770A92955A8}.AppStore|iPhone.Build.0 = Release|Any CPU
		{F44B98D3-7E5A-400C-AEBB-2770A92955A8}.AppStore|iPhone.Deploy.0 = Release|Any CPU
		{F44B98D3-7E5A-400C-AEBB-2770A92955A8}.AppStore|iPhoneSimulator.ActiveCfg = Release|Any CPU
		{F44B98D3-7E5A-400C-AEBB-2770A92955A8}.AppStore|iPhoneSimulator.Build.0 = Release|Any CPU
		{F44B98D3-7E5A-400C-AEBB-2770A92955A8}.AppStore|iPhoneSimulator.Deploy.0 = Release|Any CPU
		{F44B98D3-7E5A-400C-AEBB-2770A92955A8}.AppStore|x64.ActiveCfg = Release|Any CPU
		{F44B98D3-7E5A-400C-AEBB-2770A92955A8}.AppStore|x64.Build.0 = Release|Any CPU
		{F44B98D3-7E5A-400C-AEBB-2770A92955A8}.AppStore|x64.Deploy.0 = Release|Any CPU
		{F44B98D3-7E5A-400C-AEBB-2770A92955A8}.AppStore|x86.ActiveCfg = Release|Any CPU
		{F44B98D3-7E5A-400C-AEBB-2770A92955A8}.AppStore|x86.Build.0 = Release|Any CPU
		{F44B98D3-7E5A-400C-AEBB-2770A92955A8}.AppStore|x86.Deploy.0 = Release|Any CPU
		{F44B98D3-7E5A-400C-AEBB-2770A92955A8}.Debug|Any CPU.ActiveCfg = Debug|Any CPU
		{F44B98D3-7E5A-400C-AEBB-2770A92955A8}.Debug|Any CPU.Build.0 = Debug|Any CPU
		{F44B98D3-7E5A-400C-AEBB-2770A92955A8}.Debug|Any CPU.Deploy.0 = Debug|Any CPU
		{F44B98D3-7E5A-400C-AEBB-2770A92955A8}.Debug|ARM.ActiveCfg = Debug|Any CPU
		{F44B98D3-7E5A-400C-AEBB-2770A92955A8}.Debug|ARM.Build.0 = Debug|Any CPU
		{F44B98D3-7E5A-400C-AEBB-2770A92955A8}.Debug|ARM.Deploy.0 = Debug|Any CPU
		{F44B98D3-7E5A-400C-AEBB-2770A92955A8}.Debug|iPhone.ActiveCfg = Debug|Any CPU
		{F44B98D3-7E5A-400C-AEBB-2770A92955A8}.Debug|iPhone.Build.0 = Debug|Any CPU
		{F44B98D3-7E5A-400C-AEBB-2770A92955A8}.Debug|iPhone.Deploy.0 = Debug|Any CPU
		{F44B98D3-7E5A-400C-AEBB-2770A92955A8}.Debug|iPhoneSimulator.ActiveCfg = Debug|Any CPU
		{F44B98D3-7E5A-400C-AEBB-2770A92955A8}.Debug|iPhoneSimulator.Build.0 = Debug|Any CPU
		{F44B98D3-7E5A-400C-AEBB-2770A92955A8}.Debug|iPhoneSimulator.Deploy.0 = Debug|Any CPU
		{F44B98D3-7E5A-400C-AEBB-2770A92955A8}.Debug|x64.ActiveCfg = Debug|Any CPU
		{F44B98D3-7E5A-400C-AEBB-2770A92955A8}.Debug|x64.Build.0 = Debug|Any CPU
		{F44B98D3-7E5A-400C-AEBB-2770A92955A8}.Debug|x64.Deploy.0 = Debug|Any CPU
		{F44B98D3-7E5A-400C-AEBB-2770A92955A8}.Debug|x86.ActiveCfg = Debug|Any CPU
		{F44B98D3-7E5A-400C-AEBB-2770A92955A8}.Debug|x86.Build.0 = Debug|Any CPU
		{F44B98D3-7E5A-400C-AEBB-2770A92955A8}.Debug|x86.Deploy.0 = Debug|Any CPU
		{F44B98D3-7E5A-400C-AEBB-2770A92955A8}.Release|Any CPU.ActiveCfg = Release|Any CPU
		{F44B98D3-7E5A-400C-AEBB-2770A92955A8}.Release|ARM.ActiveCfg = Release|Any CPU
		{F44B98D3-7E5A-400C-AEBB-2770A92955A8}.Release|ARM.Build.0 = Release|Any CPU
		{F44B98D3-7E5A-400C-AEBB-2770A92955A8}.Release|ARM.Deploy.0 = Release|Any CPU
		{F44B98D3-7E5A-400C-AEBB-2770A92955A8}.Release|iPhone.ActiveCfg = Release|Any CPU
		{F44B98D3-7E5A-400C-AEBB-2770A92955A8}.Release|iPhone.Build.0 = Release|Any CPU
		{F44B98D3-7E5A-400C-AEBB-2770A92955A8}.Release|iPhone.Deploy.0 = Release|Any CPU
		{F44B98D3-7E5A-400C-AEBB-2770A92955A8}.Release|iPhoneSimulator.ActiveCfg = Release|Any CPU
		{F44B98D3-7E5A-400C-AEBB-2770A92955A8}.Release|iPhoneSimulator.Build.0 = Release|Any CPU
		{F44B98D3-7E5A-400C-AEBB-2770A92955A8}.Release|iPhoneSimulator.Deploy.0 = Release|Any CPU
		{F44B98D3-7E5A-400C-AEBB-2770A92955A8}.Release|x64.ActiveCfg = Release|Any CPU
		{F44B98D3-7E5A-400C-AEBB-2770A92955A8}.Release|x64.Build.0 = Release|Any CPU
		{F44B98D3-7E5A-400C-AEBB-2770A92955A8}.Release|x64.Deploy.0 = Release|Any CPU
		{F44B98D3-7E5A-400C-AEBB-2770A92955A8}.Release|x86.ActiveCfg = Release|Any CPU
		{F44B98D3-7E5A-400C-AEBB-2770A92955A8}.Release|x86.Build.0 = Release|Any CPU
		{F44B98D3-7E5A-400C-AEBB-2770A92955A8}.Release|x86.Deploy.0 = Release|Any CPU
		{09E8614A-61F9-463D-8DCD-8321CF81963F}.Ad-Hoc|Any CPU.ActiveCfg = Ad-Hoc|iPhone
		{09E8614A-61F9-463D-8DCD-8321CF81963F}.Ad-Hoc|ARM.ActiveCfg = Ad-Hoc|iPhone
		{09E8614A-61F9-463D-8DCD-8321CF81963F}.Ad-Hoc|iPhone.ActiveCfg = Ad-Hoc|iPhone
		{09E8614A-61F9-463D-8DCD-8321CF81963F}.Ad-Hoc|iPhone.Build.0 = Ad-Hoc|iPhone
		{09E8614A-61F9-463D-8DCD-8321CF81963F}.Ad-Hoc|iPhoneSimulator.ActiveCfg = Ad-Hoc|iPhoneSimulator
		{09E8614A-61F9-463D-8DCD-8321CF81963F}.Ad-Hoc|iPhoneSimulator.Build.0 = Ad-Hoc|iPhoneSimulator
		{09E8614A-61F9-463D-8DCD-8321CF81963F}.Ad-Hoc|x64.ActiveCfg = Ad-Hoc|iPhone
		{09E8614A-61F9-463D-8DCD-8321CF81963F}.Ad-Hoc|x86.ActiveCfg = Ad-Hoc|iPhone
		{09E8614A-61F9-463D-8DCD-8321CF81963F}.API-Release|Any CPU.ActiveCfg = API-Release|iPhone
		{09E8614A-61F9-463D-8DCD-8321CF81963F}.API-Release|ARM.ActiveCfg = API-Release|iPhone
		{09E8614A-61F9-463D-8DCD-8321CF81963F}.API-Release|iPhone.ActiveCfg = API-Release|iPhone
		{09E8614A-61F9-463D-8DCD-8321CF81963F}.API-Release|iPhoneSimulator.ActiveCfg = API-Release|iPhoneSimulator
		{09E8614A-61F9-463D-8DCD-8321CF81963F}.API-Release|x64.ActiveCfg = API-Release|iPhone
		{09E8614A-61F9-463D-8DCD-8321CF81963F}.API-Release|x86.ActiveCfg = API-Release|iPhone
		{09E8614A-61F9-463D-8DCD-8321CF81963F}.AppStore|Any CPU.ActiveCfg = AppStore|iPhone
		{09E8614A-61F9-463D-8DCD-8321CF81963F}.AppStore|ARM.ActiveCfg = AppStore|iPhone
		{09E8614A-61F9-463D-8DCD-8321CF81963F}.AppStore|iPhone.ActiveCfg = AppStore|iPhone
		{09E8614A-61F9-463D-8DCD-8321CF81963F}.AppStore|iPhone.Build.0 = AppStore|iPhone
		{09E8614A-61F9-463D-8DCD-8321CF81963F}.AppStore|iPhoneSimulator.ActiveCfg = AppStore|iPhoneSimulator
		{09E8614A-61F9-463D-8DCD-8321CF81963F}.AppStore|iPhoneSimulator.Build.0 = AppStore|iPhoneSimulator
		{09E8614A-61F9-463D-8DCD-8321CF81963F}.AppStore|x64.ActiveCfg = AppStore|iPhone
		{09E8614A-61F9-463D-8DCD-8321CF81963F}.AppStore|x86.ActiveCfg = AppStore|iPhone
		{09E8614A-61F9-463D-8DCD-8321CF81963F}.Debug|Any CPU.ActiveCfg = Debug|iPhone
		{09E8614A-61F9-463D-8DCD-8321CF81963F}.Debug|ARM.ActiveCfg = Debug|iPhone
		{09E8614A-61F9-463D-8DCD-8321CF81963F}.Debug|iPhone.ActiveCfg = Debug|iPhone
		{09E8614A-61F9-463D-8DCD-8321CF81963F}.Debug|iPhone.Build.0 = Debug|iPhone
		{09E8614A-61F9-463D-8DCD-8321CF81963F}.Debug|iPhoneSimulator.ActiveCfg = Debug|iPhoneSimulator
		{09E8614A-61F9-463D-8DCD-8321CF81963F}.Debug|iPhoneSimulator.Build.0 = Debug|iPhoneSimulator
		{09E8614A-61F9-463D-8DCD-8321CF81963F}.Debug|x64.ActiveCfg = Debug|iPhone
		{09E8614A-61F9-463D-8DCD-8321CF81963F}.Debug|x86.ActiveCfg = Debug|iPhone
		{09E8614A-61F9-463D-8DCD-8321CF81963F}.Release|Any CPU.ActiveCfg = Release|iPhone
		{09E8614A-61F9-463D-8DCD-8321CF81963F}.Release|ARM.ActiveCfg = Release|iPhone
		{09E8614A-61F9-463D-8DCD-8321CF81963F}.Release|iPhone.ActiveCfg = Release|iPhone
		{09E8614A-61F9-463D-8DCD-8321CF81963F}.Release|iPhone.Build.0 = Release|iPhone
		{09E8614A-61F9-463D-8DCD-8321CF81963F}.Release|iPhoneSimulator.ActiveCfg = Release|iPhoneSimulator
		{09E8614A-61F9-463D-8DCD-8321CF81963F}.Release|iPhoneSimulator.Build.0 = Release|iPhoneSimulator
		{09E8614A-61F9-463D-8DCD-8321CF81963F}.Release|x64.ActiveCfg = Release|iPhone
		{09E8614A-61F9-463D-8DCD-8321CF81963F}.Release|x86.ActiveCfg = Release|iPhone
		{DC2F066C-0727-40E6-BDB0-F3552D0BB378}.Ad-Hoc|Any CPU.ActiveCfg = Release|x86
		{DC2F066C-0727-40E6-BDB0-F3552D0BB378}.Ad-Hoc|Any CPU.Build.0 = Release|x86
		{DC2F066C-0727-40E6-BDB0-F3552D0BB378}.Ad-Hoc|Any CPU.Deploy.0 = Release|x86
		{DC2F066C-0727-40E6-BDB0-F3552D0BB378}.Ad-Hoc|ARM.ActiveCfg = Release|ARM
		{DC2F066C-0727-40E6-BDB0-F3552D0BB378}.Ad-Hoc|ARM.Build.0 = Release|ARM
		{DC2F066C-0727-40E6-BDB0-F3552D0BB378}.Ad-Hoc|ARM.Deploy.0 = Release|ARM
		{DC2F066C-0727-40E6-BDB0-F3552D0BB378}.Ad-Hoc|iPhone.ActiveCfg = Release|x86
		{DC2F066C-0727-40E6-BDB0-F3552D0BB378}.Ad-Hoc|iPhone.Build.0 = Release|x86
		{DC2F066C-0727-40E6-BDB0-F3552D0BB378}.Ad-Hoc|iPhone.Deploy.0 = Release|x86
		{DC2F066C-0727-40E6-BDB0-F3552D0BB378}.Ad-Hoc|iPhoneSimulator.ActiveCfg = Release|x86
		{DC2F066C-0727-40E6-BDB0-F3552D0BB378}.Ad-Hoc|iPhoneSimulator.Build.0 = Release|x86
		{DC2F066C-0727-40E6-BDB0-F3552D0BB378}.Ad-Hoc|iPhoneSimulator.Deploy.0 = Release|x86
		{DC2F066C-0727-40E6-BDB0-F3552D0BB378}.Ad-Hoc|x64.ActiveCfg = Release|x64
		{DC2F066C-0727-40E6-BDB0-F3552D0BB378}.Ad-Hoc|x64.Build.0 = Release|x64
		{DC2F066C-0727-40E6-BDB0-F3552D0BB378}.Ad-Hoc|x64.Deploy.0 = Release|x64
		{DC2F066C-0727-40E6-BDB0-F3552D0BB378}.Ad-Hoc|x86.ActiveCfg = Release|x86
		{DC2F066C-0727-40E6-BDB0-F3552D0BB378}.Ad-Hoc|x86.Build.0 = Release|x86
		{DC2F066C-0727-40E6-BDB0-F3552D0BB378}.Ad-Hoc|x86.Deploy.0 = Release|x86
		{DC2F066C-0727-40E6-BDB0-F3552D0BB378}.API-Release|Any CPU.ActiveCfg = API-Release|x86
		{DC2F066C-0727-40E6-BDB0-F3552D0BB378}.API-Release|ARM.ActiveCfg = API-Release|ARM
		{DC2F066C-0727-40E6-BDB0-F3552D0BB378}.API-Release|ARM.Deploy.0 = API-Release|ARM
		{DC2F066C-0727-40E6-BDB0-F3552D0BB378}.API-Release|iPhone.ActiveCfg = API-Release|x86
		{DC2F066C-0727-40E6-BDB0-F3552D0BB378}.API-Release|iPhoneSimulator.ActiveCfg = API-Release|x86
		{DC2F066C-0727-40E6-BDB0-F3552D0BB378}.API-Release|x64.ActiveCfg = API-Release|x64
		{DC2F066C-0727-40E6-BDB0-F3552D0BB378}.API-Release|x64.Deploy.0 = API-Release|x64
		{DC2F066C-0727-40E6-BDB0-F3552D0BB378}.API-Release|x86.ActiveCfg = API-Release|x86
		{DC2F066C-0727-40E6-BDB0-F3552D0BB378}.API-Release|x86.Deploy.0 = API-Release|x86
		{DC2F066C-0727-40E6-BDB0-F3552D0BB378}.AppStore|Any CPU.ActiveCfg = Release|x86
		{DC2F066C-0727-40E6-BDB0-F3552D0BB378}.AppStore|Any CPU.Build.0 = Release|x86
		{DC2F066C-0727-40E6-BDB0-F3552D0BB378}.AppStore|Any CPU.Deploy.0 = Release|x86
		{DC2F066C-0727-40E6-BDB0-F3552D0BB378}.AppStore|ARM.ActiveCfg = Release|ARM
		{DC2F066C-0727-40E6-BDB0-F3552D0BB378}.AppStore|ARM.Build.0 = Release|ARM
		{DC2F066C-0727-40E6-BDB0-F3552D0BB378}.AppStore|ARM.Deploy.0 = Release|ARM
		{DC2F066C-0727-40E6-BDB0-F3552D0BB378}.AppStore|iPhone.ActiveCfg = Release|x86
		{DC2F066C-0727-40E6-BDB0-F3552D0BB378}.AppStore|iPhone.Build.0 = Release|x86
		{DC2F066C-0727-40E6-BDB0-F3552D0BB378}.AppStore|iPhone.Deploy.0 = Release|x86
		{DC2F066C-0727-40E6-BDB0-F3552D0BB378}.AppStore|iPhoneSimulator.ActiveCfg = Release|x86
		{DC2F066C-0727-40E6-BDB0-F3552D0BB378}.AppStore|iPhoneSimulator.Build.0 = Release|x86
		{DC2F066C-0727-40E6-BDB0-F3552D0BB378}.AppStore|iPhoneSimulator.Deploy.0 = Release|x86
		{DC2F066C-0727-40E6-BDB0-F3552D0BB378}.AppStore|x64.ActiveCfg = Release|x64
		{DC2F066C-0727-40E6-BDB0-F3552D0BB378}.AppStore|x64.Build.0 = Release|x64
		{DC2F066C-0727-40E6-BDB0-F3552D0BB378}.AppStore|x64.Deploy.0 = Release|x64
		{DC2F066C-0727-40E6-BDB0-F3552D0BB378}.AppStore|x86.ActiveCfg = Release|x86
		{DC2F066C-0727-40E6-BDB0-F3552D0BB378}.AppStore|x86.Build.0 = Release|x86
		{DC2F066C-0727-40E6-BDB0-F3552D0BB378}.AppStore|x86.Deploy.0 = Release|x86
		{DC2F066C-0727-40E6-BDB0-F3552D0BB378}.Debug|Any CPU.ActiveCfg = Debug|x86
		{DC2F066C-0727-40E6-BDB0-F3552D0BB378}.Debug|ARM.ActiveCfg = Debug|ARM
		{DC2F066C-0727-40E6-BDB0-F3552D0BB378}.Debug|ARM.Build.0 = Debug|ARM
		{DC2F066C-0727-40E6-BDB0-F3552D0BB378}.Debug|ARM.Deploy.0 = Debug|ARM
		{DC2F066C-0727-40E6-BDB0-F3552D0BB378}.Debug|iPhone.ActiveCfg = Debug|x86
		{DC2F066C-0727-40E6-BDB0-F3552D0BB378}.Debug|iPhoneSimulator.ActiveCfg = Debug|x86
		{DC2F066C-0727-40E6-BDB0-F3552D0BB378}.Debug|x64.ActiveCfg = Debug|x64
		{DC2F066C-0727-40E6-BDB0-F3552D0BB378}.Debug|x64.Build.0 = Debug|x64
		{DC2F066C-0727-40E6-BDB0-F3552D0BB378}.Debug|x64.Deploy.0 = Debug|x64
		{DC2F066C-0727-40E6-BDB0-F3552D0BB378}.Debug|x86.ActiveCfg = Debug|x86
		{DC2F066C-0727-40E6-BDB0-F3552D0BB378}.Debug|x86.Build.0 = Debug|x86
		{DC2F066C-0727-40E6-BDB0-F3552D0BB378}.Debug|x86.Deploy.0 = Debug|x86
		{DC2F066C-0727-40E6-BDB0-F3552D0BB378}.Release|Any CPU.ActiveCfg = Release|x86
		{DC2F066C-0727-40E6-BDB0-F3552D0BB378}.Release|ARM.ActiveCfg = Release|ARM
		{DC2F066C-0727-40E6-BDB0-F3552D0BB378}.Release|ARM.Build.0 = Release|ARM
		{DC2F066C-0727-40E6-BDB0-F3552D0BB378}.Release|ARM.Deploy.0 = Release|ARM
		{DC2F066C-0727-40E6-BDB0-F3552D0BB378}.Release|iPhone.ActiveCfg = Release|x86
		{DC2F066C-0727-40E6-BDB0-F3552D0BB378}.Release|iPhoneSimulator.ActiveCfg = Release|x86
		{DC2F066C-0727-40E6-BDB0-F3552D0BB378}.Release|x64.ActiveCfg = Release|x64
		{DC2F066C-0727-40E6-BDB0-F3552D0BB378}.Release|x64.Build.0 = Release|x64
		{DC2F066C-0727-40E6-BDB0-F3552D0BB378}.Release|x64.Deploy.0 = Release|x64
		{DC2F066C-0727-40E6-BDB0-F3552D0BB378}.Release|x86.ActiveCfg = Release|x86
		{DC2F066C-0727-40E6-BDB0-F3552D0BB378}.Release|x86.Build.0 = Release|x86
		{DC2F066C-0727-40E6-BDB0-F3552D0BB378}.Release|x86.Deploy.0 = Release|x86
		{FC242AA8-ACC7-4289-80C6-B4DEC6EA5678}.Ad-Hoc|Any CPU.ActiveCfg = Debug|Any CPU
		{FC242AA8-ACC7-4289-80C6-B4DEC6EA5678}.Ad-Hoc|Any CPU.Build.0 = Debug|Any CPU
		{FC242AA8-ACC7-4289-80C6-B4DEC6EA5678}.Ad-Hoc|ARM.ActiveCfg = Debug|Any CPU
		{FC242AA8-ACC7-4289-80C6-B4DEC6EA5678}.Ad-Hoc|ARM.Build.0 = Debug|Any CPU
		{FC242AA8-ACC7-4289-80C6-B4DEC6EA5678}.Ad-Hoc|iPhone.ActiveCfg = Debug|Any CPU
		{FC242AA8-ACC7-4289-80C6-B4DEC6EA5678}.Ad-Hoc|iPhone.Build.0 = Debug|Any CPU
		{FC242AA8-ACC7-4289-80C6-B4DEC6EA5678}.Ad-Hoc|iPhoneSimulator.ActiveCfg = Debug|Any CPU
		{FC242AA8-ACC7-4289-80C6-B4DEC6EA5678}.Ad-Hoc|iPhoneSimulator.Build.0 = Debug|Any CPU
		{FC242AA8-ACC7-4289-80C6-B4DEC6EA5678}.Ad-Hoc|x64.ActiveCfg = Debug|Any CPU
		{FC242AA8-ACC7-4289-80C6-B4DEC6EA5678}.Ad-Hoc|x64.Build.0 = Debug|Any CPU
		{FC242AA8-ACC7-4289-80C6-B4DEC6EA5678}.Ad-Hoc|x86.ActiveCfg = Debug|Any CPU
		{FC242AA8-ACC7-4289-80C6-B4DEC6EA5678}.Ad-Hoc|x86.Build.0 = Debug|Any CPU
		{FC242AA8-ACC7-4289-80C6-B4DEC6EA5678}.API-Release|Any CPU.ActiveCfg = API-Release|Any CPU
		{FC242AA8-ACC7-4289-80C6-B4DEC6EA5678}.API-Release|Any CPU.Build.0 = API-Release|Any CPU
		{FC242AA8-ACC7-4289-80C6-B4DEC6EA5678}.API-Release|ARM.ActiveCfg = API-Release|Any CPU
		{FC242AA8-ACC7-4289-80C6-B4DEC6EA5678}.API-Release|ARM.Build.0 = API-Release|Any CPU
		{FC242AA8-ACC7-4289-80C6-B4DEC6EA5678}.API-Release|iPhone.ActiveCfg = API-Release|Any CPU
		{FC242AA8-ACC7-4289-80C6-B4DEC6EA5678}.API-Release|iPhone.Build.0 = API-Release|Any CPU
		{FC242AA8-ACC7-4289-80C6-B4DEC6EA5678}.API-Release|iPhoneSimulator.ActiveCfg = API-Release|Any CPU
		{FC242AA8-ACC7-4289-80C6-B4DEC6EA5678}.API-Release|iPhoneSimulator.Build.0 = API-Release|Any CPU
		{FC242AA8-ACC7-4289-80C6-B4DEC6EA5678}.API-Release|x64.ActiveCfg = API-Release|Any CPU
		{FC242AA8-ACC7-4289-80C6-B4DEC6EA5678}.API-Release|x64.Build.0 = API-Release|Any CPU
		{FC242AA8-ACC7-4289-80C6-B4DEC6EA5678}.API-Release|x86.ActiveCfg = API-Release|Any CPU
		{FC242AA8-ACC7-4289-80C6-B4DEC6EA5678}.API-Release|x86.Build.0 = API-Release|Any CPU
		{FC242AA8-ACC7-4289-80C6-B4DEC6EA5678}.AppStore|Any CPU.ActiveCfg = Debug|Any CPU
		{FC242AA8-ACC7-4289-80C6-B4DEC6EA5678}.AppStore|Any CPU.Build.0 = Debug|Any CPU
		{FC242AA8-ACC7-4289-80C6-B4DEC6EA5678}.AppStore|ARM.ActiveCfg = Debug|Any CPU
		{FC242AA8-ACC7-4289-80C6-B4DEC6EA5678}.AppStore|ARM.Build.0 = Debug|Any CPU
		{FC242AA8-ACC7-4289-80C6-B4DEC6EA5678}.AppStore|iPhone.ActiveCfg = Debug|Any CPU
		{FC242AA8-ACC7-4289-80C6-B4DEC6EA5678}.AppStore|iPhone.Build.0 = Debug|Any CPU
		{FC242AA8-ACC7-4289-80C6-B4DEC6EA5678}.AppStore|iPhoneSimulator.ActiveCfg = Debug|Any CPU
		{FC242AA8-ACC7-4289-80C6-B4DEC6EA5678}.AppStore|iPhoneSimulator.Build.0 = Debug|Any CPU
		{FC242AA8-ACC7-4289-80C6-B4DEC6EA5678}.AppStore|x64.ActiveCfg = Debug|Any CPU
		{FC242AA8-ACC7-4289-80C6-B4DEC6EA5678}.AppStore|x64.Build.0 = Debug|Any CPU
		{FC242AA8-ACC7-4289-80C6-B4DEC6EA5678}.AppStore|x86.ActiveCfg = Debug|Any CPU
		{FC242AA8-ACC7-4289-80C6-B4DEC6EA5678}.AppStore|x86.Build.0 = Debug|Any CPU
		{FC242AA8-ACC7-4289-80C6-B4DEC6EA5678}.Debug|Any CPU.ActiveCfg = Debug|Any CPU
		{FC242AA8-ACC7-4289-80C6-B4DEC6EA5678}.Debug|Any CPU.Build.0 = Debug|Any CPU
		{FC242AA8-ACC7-4289-80C6-B4DEC6EA5678}.Debug|ARM.ActiveCfg = Debug|Any CPU
		{FC242AA8-ACC7-4289-80C6-B4DEC6EA5678}.Debug|ARM.Build.0 = Debug|Any CPU
		{FC242AA8-ACC7-4289-80C6-B4DEC6EA5678}.Debug|iPhone.ActiveCfg = Debug|Any CPU
		{FC242AA8-ACC7-4289-80C6-B4DEC6EA5678}.Debug|iPhone.Build.0 = Debug|Any CPU
		{FC242AA8-ACC7-4289-80C6-B4DEC6EA5678}.Debug|iPhoneSimulator.ActiveCfg = Debug|Any CPU
		{FC242AA8-ACC7-4289-80C6-B4DEC6EA5678}.Debug|iPhoneSimulator.Build.0 = Debug|Any CPU
		{FC242AA8-ACC7-4289-80C6-B4DEC6EA5678}.Debug|x64.ActiveCfg = Debug|Any CPU
		{FC242AA8-ACC7-4289-80C6-B4DEC6EA5678}.Debug|x64.Build.0 = Debug|Any CPU
		{FC242AA8-ACC7-4289-80C6-B4DEC6EA5678}.Debug|x86.ActiveCfg = Debug|Any CPU
		{FC242AA8-ACC7-4289-80C6-B4DEC6EA5678}.Debug|x86.Build.0 = Debug|Any CPU
		{FC242AA8-ACC7-4289-80C6-B4DEC6EA5678}.Release|Any CPU.ActiveCfg = Release|Any CPU
		{FC242AA8-ACC7-4289-80C6-B4DEC6EA5678}.Release|Any CPU.Build.0 = Release|Any CPU
		{FC242AA8-ACC7-4289-80C6-B4DEC6EA5678}.Release|ARM.ActiveCfg = Release|Any CPU
		{FC242AA8-ACC7-4289-80C6-B4DEC6EA5678}.Release|ARM.Build.0 = Release|Any CPU
		{FC242AA8-ACC7-4289-80C6-B4DEC6EA5678}.Release|iPhone.ActiveCfg = Release|Any CPU
		{FC242AA8-ACC7-4289-80C6-B4DEC6EA5678}.Release|iPhone.Build.0 = Release|Any CPU
		{FC242AA8-ACC7-4289-80C6-B4DEC6EA5678}.Release|iPhoneSimulator.ActiveCfg = Release|Any CPU
		{FC242AA8-ACC7-4289-80C6-B4DEC6EA5678}.Release|iPhoneSimulator.Build.0 = Release|Any CPU
		{FC242AA8-ACC7-4289-80C6-B4DEC6EA5678}.Release|x64.ActiveCfg = Release|Any CPU
		{FC242AA8-ACC7-4289-80C6-B4DEC6EA5678}.Release|x64.Build.0 = Release|Any CPU
		{FC242AA8-ACC7-4289-80C6-B4DEC6EA5678}.Release|x86.ActiveCfg = Release|Any CPU
		{FC242AA8-ACC7-4289-80C6-B4DEC6EA5678}.Release|x86.Build.0 = Release|Any CPU
	EndGlobalSection
	GlobalSection(SolutionProperties) = preSolution
		HideSolutionNode = FALSE
	EndGlobalSection
	GlobalSection(ExtensibilityGlobals) = postSolution
		SolutionGuid = {A199798E-3BAF-4F0A-BFE6-9C9C6065ABE9}
	EndGlobalSection
EndGlobal
